
Microsoft Visual Studio Solution File, Format Version 12.00
# Visual Studio Version 17
VisualStudioVersion = 17.9.34728.123
MinimumVisualStudioVersion = 10.0.40219.1
Project("{FAE04EC0-301F-11D3-BF4B-00C04F79EFBC}") = "BreadyToomy", "BreadyToomy.csproj", "{507F724B-2152-4086-B1AC-5A6562EC7E00}"
EndProject
Global
	GlobalSection(SolutionConfigurationPlatforms) = preSolution
		Debug|Any CPU = Debug|Any CPU
		Release|Any CPU = Release|Any CPU
	EndGlobalSection
	GlobalSection(ProjectConfigurationPlatforms) = postSolution
		{507F724B-2152-4086-B1AC-5A6562EC7E00}.Debug|Any CPU.ActiveCfg = Debug|Any CPU
		{507F724B-2152-4086-B1AC-5A6562EC7E00}.Debug|Any CPU.Build.0 = Debug|Any CPU
		{507F724B-2152-4086-B1AC-5A6562EC7E00}.Release|Any CPU.ActiveCfg = Release|Any CPU
		{507F724B-2152-4086-B1AC-5A6562EC7E00}.Release|Any CPU.Build.0 = Release|Any CPU
	EndGlobalSection
	GlobalSection(SolutionProperties) = preSolution
		HideSolutionNode = FALSE
	EndGlobalSection
	GlobalSection(ExtensibilityGlobals) = postSolution
		SolutionGuid = {54964DF8-3CEB-477F-BAC8-684AA327335F}
	EndGlobalSection
EndGlobal
